
Microsoft Visual Studio Solution File, Format Version 12.00
# Visual Studio Version 16
VisualStudioVersion = 16.0.31005.135
MinimumVisualStudioVersion = 10.0.40219.1
Project("{FAE04EC0-301F-11D3-BF4B-00C04F79EFBC}") = "Practica", "Practica\Practica.csproj", "{7EA08B4D-CDFD-46F3-9095-B14FB0CB1515}"
EndProject
Global
	GlobalSection(SolutionConfigurationPlatforms) = preSolution
		Debug|Any CPU = Debug|Any CPU
		Release|Any CPU = Release|Any CPU
	EndGlobalSection
	GlobalSection(ProjectConfigurationPlatforms) = postSolution
		{7EA08B4D-CDFD-46F3-9095-B14FB0CB1515}.Debug|Any CPU.ActiveCfg = Debug|Any CPU
		{7EA08B4D-CDFD-46F3-9095-B14FB0CB1515}.Debug|Any CPU.Build.0 = Debug|Any CPU
		{7EA08B4D-CDFD-46F3-9095-B14FB0CB1515}.Release|Any CPU.ActiveCfg = Release|Any CPU
		{7EA08B4D-CDFD-46F3-9095-B14FB0CB1515}.Release|Any CPU.Build.0 = Release|Any CPU
	EndGlobalSection
	GlobalSection(SolutionProperties) = preSolution
		HideSolutionNode = FALSE
	EndGlobalSection
	GlobalSection(ExtensibilityGlobals) = postSolution
		SolutionGuid = {AE3692A7-BFC9-46CF-986B-E27C53F4F8F0}
	EndGlobalSection
EndGlobal
